
Microsoft Visual Studio Solution File, Format Version 12.00
# Visual Studio Version 17
VisualStudioVersion = 17.3.32825.248
MinimumVisualStudioVersion = 10.0.40219.1
Project("{FAE04EC0-301F-11D3-BF4B-00C04F79EFBC}") = "MauiAppSample", "MauiAppSample\MauiAppSample.csproj", "{90A0A862-21C6-47FB-8BB1-9B3E058FB3CC}"
EndProject
Project("{FAE04EC0-301F-11D3-BF4B-00C04F79EFBC}") = "MauiBlazorAppSample", "MauiBlazorAppSample\MauiBlazorAppSample.csproj", "{252E7115-00CC-43C4-B4D9-CC9A3C152BD3}"
EndProject
Global
	GlobalSection(SolutionConfigurationPlatforms) = preSolution
		Debug|Any CPU = Debug|Any CPU
		Release|Any CPU = Release|Any CPU
	EndGlobalSection
	GlobalSection(ProjectConfigurationPlatforms) = postSolution
		{90A0A862-21C6-47FB-8BB1-9B3E058FB3CC}.Debug|Any CPU.ActiveCfg = Debug|Any CPU
		{90A0A862-21C6-47FB-8BB1-9B3E058FB3CC}.Debug|Any CPU.Build.0 = Debug|Any CPU
		{90A0A862-21C6-47FB-8BB1-9B3E058FB3CC}.Debug|Any CPU.Deploy.0 = Debug|Any CPU
		{90A0A862-21C6-47FB-8BB1-9B3E058FB3CC}.Release|Any CPU.ActiveCfg = Release|Any CPU
		{90A0A862-21C6-47FB-8BB1-9B3E058FB3CC}.Release|Any CPU.Build.0 = Release|Any CPU
		{90A0A862-21C6-47FB-8BB1-9B3E058FB3CC}.Release|Any CPU.Deploy.0 = Release|Any CPU
		{252E7115-00CC-43C4-B4D9-CC9A3C152BD3}.Debug|Any CPU.ActiveCfg = Debug|Any CPU
		{252E7115-00CC-43C4-B4D9-CC9A3C152BD3}.Debug|Any CPU.Build.0 = Debug|Any CPU
		{252E7115-00CC-43C4-B4D9-CC9A3C152BD3}.Debug|Any CPU.Deploy.0 = Debug|Any CPU
		{252E7115-00CC-43C4-B4D9-CC9A3C152BD3}.Release|Any CPU.ActiveCfg = Release|Any CPU
		{252E7115-00CC-43C4-B4D9-CC9A3C152BD3}.Release|Any CPU.Build.0 = Release|Any CPU
		{252E7115-00CC-43C4-B4D9-CC9A3C152BD3}.Release|Any CPU.Deploy.0 = Release|Any CPU
	EndGlobalSection
	GlobalSection(SolutionProperties) = preSolution
		HideSolutionNode = FALSE
	EndGlobalSection
	GlobalSection(ExtensibilityGlobals) = postSolution
		SolutionGuid = {14F69C5F-7F68-42D9-A2B4-65274F68048C}
	EndGlobalSection
EndGlobal
